// !$*UTF8*$!
{
	archiveVersion = 1;
	classes = {
	};
	objectVersion = 50;
	objects = {

/* Begin PBXBuildFile section */
		49EE344225B2A4D400509FC6 /* ImageClassifierApp.swift in Sources */ = {isa = PBXBuildFile; fileRef = 49EE344125B2A4D400509FC6 /* ImageClassifierApp.swift */; };
		49EE344425B2A4D400509FC6 /* ContentView.swift in Sources */ = {isa = PBXBuildFile; fileRef = 49EE344325B2A4D400509FC6 /* ContentView.swift */; };
		49EE344625B2A4D500509FC6 /* Assets.xcassets in Resources */ = {isa = PBXBuildFile; fileRef = 49EE344525B2A4D500509FC6 /* Assets.xcassets */; };
		49EE344925B2A4D500509FC6 /* Preview Assets.xcassets in Resources */ = {isa = PBXBuildFile; fileRef = 49EE344825B2A4D500509FC6 /* Preview Assets.xcassets */; };
		49EE345225B2A59900509FC6 /* ClassificationService.swift in Sources */ = {isa = PBXBuildFile; fileRef = 49EE345125B2A59900509FC6 /* ClassificationService.swift */; };
		49EE345525B2A61000509FC6 /* ClassificationResult.swift in Sources */ = {isa = PBXBuildFile; fileRef = 49EE345425B2A61000509FC6 /* ClassificationResult.swift */; };
		49EE345925B2B20B00509FC6 /* MobileNetV2.mlmodel in Sources */ = {isa = PBXBuildFile; fileRef = 49EE345825B2B20B00509FC6 /* MobileNetV2.mlmodel */; };
/* End PBXBuildFile section */

/* Begin PBXFileReference section */
		49EE343E25B2A4D400509FC6 /* ImageClassifier.app */ = {isa = PBXFileReference; explicitFileType = wrapper.application; includeInIndex = 0; path = ImageClassifier.app; sourceTree = BUILT_PRODUCTS_DIR; };
		49EE344125B2A4D400509FC6 /* ImageClassifierApp.swift */ = {isa = PBXFileReference; lastKnownFileType = sourcecode.swift; path = ImageClassifierApp.swift; sourceTree = "<group>"; };
		49EE344325B2A4D400509FC6 /* ContentView.swift */ = {isa = PBXFileReference; lastKnownFileType = sourcecode.swift; path = ContentView.swift; sourceTree = "<group>"; };
		49EE344525B2A4D500509FC6 /* Assets.xcassets */ = {isa = PBXFileReference; lastKnownFileType = folder.assetcatalog; path = Assets.xcassets; sourceTree = "<group>"; };
		49EE344825B2A4D500509FC6 /* Preview Assets.xcassets */ = {isa = PBXFileReference; lastKnownFileType = folder.assetcatalog; path = "Preview Assets.xcassets"; sourceTree = "<group>"; };
		49EE344A25B2A4D500509FC6 /* Info.plist */ = {isa = PBXFileReference; lastKnownFileType = text.plist.xml; path = Info.plist; sourceTree = "<group>"; };
		49EE345125B2A59900509FC6 /* ClassificationService.swift */ = {isa = PBXFileReference; lastKnownFileType = sourcecode.swift; path = ClassificationService.swift; sourceTree = "<group>"; };
		49EE345425B2A61000509FC6 /* ClassificationResult.swift */ = {isa = PBXFileReference; lastKnownFileType = sourcecode.swift; path = ClassificationResult.swift; sourceTree = "<group>"; };
		49EE345825B2B20B00509FC6 /* MobileNetV2.mlmodel */ = {isa = PBXFileReference; lastKnownFileType = file.mlmodel; path = MobileNetV2.mlmodel; sourceTree = "<group>"; };
/* End PBXFileReference section */

/* Begin PBXFrameworksBuildPhase section */
		49EE343B25B2A4D400509FC6 /* Frameworks */ = {
			isa = PBXFrameworksBuildPhase;
			buildActionMask = 2147483647;
			files = (
			);
			runOnlyForDeploymentPostprocessing = 0;
		};
/* End PBXFrameworksBuildPhase section */

/* Begin PBXGroup section */
		49EE343525B2A4D400509FC6 = {
			isa = PBXGroup;
			children = (
				49EE344025B2A4D400509FC6 /* ImageClassifier */,
				49EE343F25B2A4D400509FC6 /* Products */,
			);
			sourceTree = "<group>";
		};
		49EE343F25B2A4D400509FC6 /* Products */ = {
			isa = PBXGroup;
			children = (
				49EE343E25B2A4D400509FC6 /* ImageClassifier.app */,
			);
			name = Products;
			sourceTree = "<group>";
		};
		49EE344025B2A4D400509FC6 /* ImageClassifier */ = {
			isa = PBXGroup;
			children = (
				49EE344125B2A4D400509FC6 /* ImageClassifierApp.swift */,
				49EE344325B2A4D400509FC6 /* ContentView.swift */,
				49EE345125B2A59900509FC6 /* ClassificationService.swift */,
				49EE345425B2A61000509FC6 /* ClassificationResult.swift */,
				49EE344525B2A4D500509FC6 /* Assets.xcassets */,
				49EE344A25B2A4D500509FC6 /* Info.plist */,
				49EE345825B2B20B00509FC6 /* MobileNetV2.mlmodel */,
				49EE344725B2A4D500509FC6 /* Preview Content */,
			);
			path = ImageClassifier;
			sourceTree = "<group>";
		};
		49EE344725B2A4D500509FC6 /* Preview Content */ = {
			isa = PBXGroup;
			children = (
				49EE344825B2A4D500509FC6 /* Preview Assets.xcassets */,
			);
			path = "Preview Content";
			sourceTree = "<group>";
		};
/* End PBXGroup section */

/* Begin PBXNativeTarget section */
		49EE343D25B2A4D400509FC6 /* ImageClassifier */ = {
			isa = PBXNativeTarget;
			buildConfigurationList = 49EE344D25B2A4D500509FC6 /* Build configuration list for PBXNativeTarget "ImageClassifier" */;
			buildPhases = (
				49EE343A25B2A4D400509FC6 /* Sources */,
				49EE343B25B2A4D400509FC6 /* Frameworks */,
				49EE343C25B2A4D400509FC6 /* Resources */,
			);
			buildRules = (
			);
			dependencies = (
			);
			name = ImageClassifier;
			productName = ImageClassifier;
			productReference = 49EE343E25B2A4D400509FC6 /* ImageClassifier.app */;
			productType = "com.apple.product-type.application";
		};
/* End PBXNativeTarget section */

/* Begin PBXProject section */
		49EE343625B2A4D400509FC6 /* Project object */ = {
			isa = PBXProject;
			attributes = {
				LastSwiftUpdateCheck = 1200;
				LastUpgradeCheck = 1200;
				TargetAttributes = {
					49EE343D25B2A4D400509FC6 = {
						CreatedOnToolsVersion = 12.0.1;
					};
				};
			};
			buildConfigurationList = 49EE343925B2A4D400509FC6 /* Build configuration list for PBXProject "ImageClassifier" */;
			compatibilityVersion = "Xcode 9.3";
			developmentRegion = en;
			hasScannedForEncodings = 0;
			knownRegions = (
				en,
				Base,
			);
			mainGroup = 49EE343525B2A4D400509FC6;
			productRefGroup = 49EE343F25B2A4D400509FC6 /* Products */;
			projectDirPath = "";
			projectRoot = "";
			targets = (
				49EE343D25B2A4D400509FC6 /* ImageClassifier */,
			);
		};
/* End PBXProject section */

/* Begin PBXResourcesBuildPhase section */
		49EE343C25B2A4D400509FC6 /* Resources */ = {
			isa = PBXResourcesBuildPhase;
			buildActionMask = 2147483647;
			files = (
				49EE344925B2A4D500509FC6 /* Preview Assets.xcassets in Resources */,
				49EE344625B2A4D500509FC6 /* Assets.xcassets in Resources */,
			);
			runOnlyForDeploymentPostprocessing = 0;
		};
/* End PBXResourcesBuildPhase section */

/* Begin PBXSourcesBuildPhase section */
		49EE343A25B2A4D400509FC6 /* Sources */ = {
			isa = PBXSourcesBuildPhase;
			buildActionMask = 2147483647;
			files = (
				49EE345525B2A61000509FC6 /* ClassificationResult.swift in Sources */,
				49EE344425B2A4D400509FC6 /* ContentView.swift in Sources */,
				49EE344225B2A4D400509FC6 /* ImageClassifierApp.swift in Sources */,
				49EE345925B2B20B00509FC6 /* MobileNetV2.mlmodel in Sources */,
				49EE345225B2A59900509FC6 /* ClassificationService.swift in Sources */,
			);
			runOnlyForDeploymentPostprocessing = 0;
		};
/* End PBXSourcesBuildPhase section */

/* Begin XCBuildConfiguration section */
		49EE344B25B2A4D500509FC6 /* Debug */ = {
			isa = XCBuildConfiguration;
			buildSettings = {
				ALWAYS_SEARCH_USER_PATHS = NO;
				CLANG_ANALYZER_NONNULL = YES;
				CLANG_ANALYZER_NUMBER_OBJECT_CONVERSION = YES_AGGRESSIVE;
				CLANG_CXX_LANGUAGE_STANDARD = "gnu++14";
				CLANG_CXX_LIBRARY = "libc++";
				CLANG_ENABLE_MODULES = YES;
				CLANG_ENABLE_OBJC_ARC = YES;
				CLANG_ENABLE_OBJC_WEAK = YES;
				CLANG_WARN_BLOCK_CAPTURE_AUTORELEASING = YES;
				CLANG_WARN_BOOL_CONVERSION = YES;
				CLANG_WARN_COMMA = YES;
				CLANG_WARN_CONSTANT_CONVERSION = YES;
				CLANG_WARN_DEPRECATED_OBJC_IMPLEMENTATIONS = YES;
				CLANG_WARN_DIRECT_OBJC_ISA_USAGE = YES_ERROR;
				CLANG_WARN_DOCUMENTATION_COMMENTS = YES;
				CLANG_WARN_EMPTY_BODY = YES;
				CLANG_WARN_ENUM_CONVERSION = YES;
				CLANG_WARN_INFINITE_RECURSION = YES;
				CLANG_WARN_INT_CONVERSION = YES;
				CLANG_WARN_NON_LITERAL_NULL_CONVERSION = YES;
				CLANG_WARN_OBJC_IMPLICIT_RETAIN_SELF = YES;
				CLANG_WARN_OBJC_LITERAL_CONVERSION = YES;
				CLANG_WARN_OBJC_ROOT_CLASS = YES_ERROR;
				CLANG_WARN_QUOTED_INCLUDE_IN_FRAMEWORK_HEADER = YES;
				CLANG_WARN_RANGE_LOOP_ANALYSIS = YES;
				CLANG_WARN_STRICT_PROTOTYPES = YES;
				CLANG_WARN_SUSPICIOUS_MOVE = YES;
				CLANG_WARN_UNGUARDED_AVAILABILITY = YES_AGGRESSIVE;
				CLANG_WARN_UNREACHABLE_CODE = YES;
				CLANG_WARN__DUPLICATE_METHOD_MATCH = YES;
				COPY_PHASE_STRIP = NO;
				DEBUG_INFORMATION_FORMAT = dwarf;
				ENABLE_STRICT_OBJC_MSGSEND = YES;
				ENABLE_TESTABILITY = YES;
				GCC_C_LANGUAGE_STANDARD = gnu11;
				GCC_DYNAMIC_NO_PIC = NO;
				GCC_NO_COMMON_BLOCKS = YES;
				GCC_OPTIMIZATION_LEVEL = 0;
				GCC_PREPROCESSOR_DEFINITIONS = (
					"DEBUG=1",
					"$(inherited)",
				);
				GCC_WARN_64_TO_32_BIT_CONVERSION = YES;
				GCC_WARN_ABOUT_RETURN_TYPE = YES_ERROR;
				GCC_WARN_UNDECLARED_SELECTOR = YES;
				GCC_WARN_UNINITIALIZED_AUTOS = YES_AGGRESSIVE;
				GCC_WARN_UNUSED_FUNCTION = YES;
				GCC_WARN_UNUSED_VARIABLE = YES;
				IPHONEOS_DEPLOYMENT_TARGET = 14.0;
				MTL_ENABLE_DEBUG_INFO = INCLUDE_SOURCE;
				MTL_FAST_MATH = YES;
				ONLY_ACTIVE_ARCH = YES;
				SDKROOT = iphoneos;
				SWIFT_ACTIVE_COMPILATION_CONDITIONS = DEBUG;
				SWIFT_OPTIMIZATION_LEVEL = "-Onone";
			};
			name = Debug;
		};
		49EE344C25B2A4D500509FC6 /* Release */ = {
			isa = XCBuildConfiguration;
			buildSettings = {
				ALWAYS_SEARCH_USER_PATHS = NO;
				CLANG_ANALYZER_NONNULL = YES;
				CLANG_ANALYZER_NUMBER_OBJECT_CONVERSION = YES_AGGRESSIVE;
				CLANG_CXX_LANGUAGE_STANDARD = "gnu++14";
				CLANG_CXX_LIBRARY = "libc++";
				CLANG_ENABLE_MODULES = YES;
				CLANG_ENABLE_OBJC_ARC = YES;
				CLANG_ENABLE_OBJC_WEAK = YES;
				CLANG_WARN_BLOCK_CAPTURE_AUTORELEASING = YES;
				CLANG_WARN_BOOL_CONVERSION = YES;
				CLANG_WARN_COMMA = YES;
				CLANG_WARN_CONSTANT_CONVERSION = YES;
				CLANG_WARN_DEPRECATED_OBJC_IMPLEMENTATIONS = YES;
				CLANG_WARN_DIRECT_OBJC_ISA_USAGE = YES_ERROR;
				CLANG_WARN_DOCUMENTATION_COMMENTS = YES;
				CLANG_WARN_EMPTY_BODY = YES;
				CLANG_WARN_ENUM_CONVERSION = YES;
				CLANG_WARN_INFINITE_RECURSION = YES;
				CLANG_WARN_INT_CONVERSION = YES;
				CLANG_WARN_NON_LITERAL_NULL_CONVERSION = YES;
				CLANG_WARN_OBJC_IMPLICIT_RETAIN_SELF = YES;
				CLANG_WARN_OBJC_LITERAL_CONVERSION = YES;
				CLANG_WARN_OBJC_ROOT_CLASS = YES_ERROR;
				CLANG_WARN_QUOTED_INCLUDE_IN_FRAMEWORK_HEADER = YES;
				CLANG_WARN_RANGE_LOOP_ANALYSIS = YES;
				CLANG_WARN_STRICT_PROTOTYPES = YES;
				CLANG_WARN_SUSPICIOUS_MOVE = YES;
				CLANG_WARN_UNGUARDED_AVAILABILITY = YES_AGGRESSIVE;
				CLANG_WARN_UNREACHABLE_CODE = YES;
				CLANG_WARN__DUPLICATE_METHOD_MATCH = YES;
				COPY_PHASE_STRIP = NO;
				DEBUG_INFORMATION_FORMAT = "dwarf-with-dsym";
				ENABLE_NS_ASSERTIONS = NO;
				ENABLE_STRICT_OBJC_MSGSEND = YES;
				GCC_C_LANGUAGE_STANDARD = gnu11;
				GCC_NO_COMMON_BLOCKS = YES;
				GCC_WARN_64_TO_32_BIT_CONVERSION = YES;
				GCC_WARN_ABOUT_RETURN_TYPE = YES_ERROR;
				GCC_WARN_UNDECLARED_SELECTOR = YES;
				GCC_WARN_UNINITIALIZED_AUTOS = YES_AGGRESSIVE;
				GCC_WARN_UNUSED_FUNCTION = YES;
				GCC_WARN_UNUSED_VARIABLE = YES;
				IPHONEOS_DEPLOYMENT_TARGET = 14.0;
				MTL_ENABLE_DEBUG_INFO = NO;
				MTL_FAST_MATH = YES;
				SDKROOT = iphoneos;
				SWIFT_COMPILATION_MODE = wholemodule;
				SWIFT_OPTIMIZATION_LEVEL = "-O";
				VALIDATE_PRODUCT = YES;
			};
			name = Release;
		};
		49EE344E25B2A4D500509FC6 /* Debug */ = {
			isa = XCBuildConfiguration;
			buildSettings = {
				ASSETCATALOG_COMPILER_APPICON_NAME = AppIcon;
				ASSETCATALOG_COMPILER_GLOBAL_ACCENT_COLOR_NAME = AccentColor;
				CODE_SIGN_STYLE = Automatic;
				DEVELOPMENT_ASSET_PATHS = "\"ImageClassifier/Preview Content\"";
				DEVELOPMENT_TEAM = RSA6B5TSXV;
				ENABLE_PREVIEWS = YES;
				INFOPLIST_FILE = ImageClassifier/Info.plist;
				IPHONEOS_DEPLOYMENT_TARGET = 14.0;
				LD_RUNPATH_SEARCH_PATHS = (
					"$(inherited)",
					"@executable_path/Frameworks",
				);
				PRODUCT_BUNDLE_IDENTIFIER = sirosh.ilya.ImageClassifier;
				PRODUCT_NAME = "$(TARGET_NAME)";
				SWIFT_VERSION = 5.0;
				TARGETED_DEVICE_FAMILY = "1,2";
			};
			name = Debug;
		};
		49EE344F25B2A4D500509FC6 /* Release */ = {
			isa = XCBuildConfiguration;
			buildSettings = {
				ASSETCATALOG_COMPILER_APPICON_NAME = AppIcon;
				ASSETCATALOG_COMPILER_GLOBAL_ACCENT_COLOR_NAME = AccentColor;
				CODE_SIGN_STYLE = Automatic;
				DEVELOPMENT_ASSET_PATHS = "\"ImageClassifier/Preview Content\"";
				DEVELOPMENT_TEAM = RSA6B5TSXV;
				ENABLE_PREVIEWS = YES;
				INFOPLIST_FILE = ImageClassifier/Info.plist;
				IPHONEOS_DEPLOYMENT_TARGET = 14.0;
				LD_RUNPATH_SEARCH_PATHS = (
					"$(inherited)",
					"@executable_path/Frameworks",
				);
				PRODUCT_BUNDLE_IDENTIFIER = sirosh.ilya.ImageClassifier;
				PRODUCT_NAME = "$(TARGET_NAME)";
				SWIFT_VERSION = 5.0;
				TARGETED_DEVICE_FAMILY = "1,2";
			};
			name = Release;
		};
/* End XCBuildConfiguration section */

/* Begin XCConfigurationList section */
		49EE343925B2A4D400509FC6 /* Build configuration list for PBXProject "ImageClassifier" */ = {
			isa = XCConfigurationList;
			buildConfigurations = (
				49EE344B25B2A4D500509FC6 /* Debug */,
				49EE344C25B2A4D500509FC6 /* Release */,
			);
			defaultConfigurationIsVisible = 0;
			defaultConfigurationName = Release;
		};
		49EE344D25B2A4D500509FC6 /* Build configuration list for PBXNativeTarget "ImageClassifier" */ = {
			isa = XCConfigurationList;
			buildConfigurations = (
				49EE344E25B2A4D500509FC6 /* Debug */,
				49EE344F25B2A4D500509FC6 /* Release */,
			);
			defaultConfigurationIsVisible = 0;
			defaultConfigurationName = Release;
		};
/* End XCConfigurationList section */
	};
	rootObject = 49EE343625B2A4D400509FC6 /* Project object */;
}
